{
	"name": "touch_display",
	"version": "1.3.0",
	"lockfileVersion": 1,
	"requires": true,
	"dependencies": {
		"after": {
			"version": "0.8.2",
			"resolved": "https://registry.npmjs.org/after/-/after-0.8.2.tgz",
			"integrity": "sha1-/ts5T58OAqqXaOcCvaI7UF+ufh8="
		},
		"arraybuffer.slice": {
			"version": "0.0.7",
			"resolved": "https://registry.npmjs.org/arraybuffer.slice/-/arraybuffer.slice-0.0.7.tgz",
			"integrity": "sha512-wGUIVQXuehL5TCqQun8OW81jGzAWycqzFF8lFp+GOM5BXLYj3bKNsYC4daB7n6XjCqxQA/qgTJ+8ANR3acjrog=="
		},
		"backo2": {
			"version": "1.0.2",
			"resolved": "https://registry.npmjs.org/backo2/-/backo2-1.0.2.tgz",
			"integrity": "sha1-MasayLEpNjRj41s+u2n038+6eUc="
		},
		"base64-arraybuffer": {
			"version": "0.1.5",
			"resolved": "https://registry.npmjs.org/base64-arraybuffer/-/base64-arraybuffer-0.1.5.tgz",
			"integrity": "sha1-c5JncZI7Whl0etZmqlzUv5xunOg="
		},
		"blob": {
			"version": "0.0.5",
			"resolved": "https://registry.npmjs.org/blob/-/blob-0.0.5.tgz",
			"integrity": "sha512-gaqbzQPqOoamawKg0LGVd7SzLgXS+JH61oWprSLH+P+abTczqJbhTR8CmJ2u9/bUYNmHTGJx/UEmn6doAvvuig=="
		},
		"component-bind": {
			"version": "1.0.0",
			"resolved": "https://registry.npmjs.org/component-bind/-/component-bind-1.0.0.tgz",
			"integrity": "sha1-AMYIq33Nk4l8AAllGx06jh5zu9E="
		},
		"component-emitter": {
			"version": "1.2.1",
			"resolved": "https://registry.npmjs.org/component-emitter/-/component-emitter-1.2.1.tgz",
			"integrity": "sha1-E3kY1teCg/ffemt8WmPhQOaUJeY="
		},
		"component-inherit": {
			"version": "0.0.3",
			"resolved": "https://registry.npmjs.org/component-inherit/-/component-inherit-0.0.3.tgz",
			"integrity": "sha1-ZF/ErfWLcrZJ1crmUTVhnbJv8UM="
		},
		"engine.io-parser": {
			"version": "2.2.0",
			"resolved": "https://registry.npmjs.org/engine.io-parser/-/engine.io-parser-2.2.0.tgz",
			"integrity": "sha512-6I3qD9iUxotsC5HEMuuGsKA0cXerGz+4uGcXQEkfBidgKf0amsjrrtwcbwK/nzpZBxclXlV7gGl9dgWvu4LF6w==",
			"requires": {
				"after": "0.8.2",
				"arraybuffer.slice": "0.0.7",
				"base64-arraybuffer": "0.1.5",
				"blob": "0.0.5",
				"has-binary2": "1.0.3"
			}
		},
		"fs-extra": {
			"version": "8.1.0",
			"resolved": "https://registry.npmjs.org/fs-extra/-/fs-extra-8.1.0.tgz",
			"integrity": "sha512-yhlQgA6mnOJUKOsRUFsgJdQCvkKhcz8tlZG5HBQfReYZy46OwLcY+Zia0mtdHsOo9y/hP+CxMN0TU9QxoOtG4g==",
			"requires": {
				"graceful-fs": "4.2.3",
				"jsonfile": "4.0.0",
				"universalify": "0.1.2"
			}
		},
		"graceful-fs": {
			"version": "4.2.3",
			"resolved": "https://registry.npmjs.org/graceful-fs/-/graceful-fs-4.2.3.tgz",
			"integrity": "sha512-a30VEBm4PEdx1dRB7MFK7BejejvCvBronbLjht+sHuGYj8PHs7M/5Z+rt5lw551vZ7yfTCj4Vuyy3mSJytDWRQ=="
		},
		"has-binary2": {
			"version": "1.0.3",
			"resolved": "https://registry.npmjs.org/has-binary2/-/has-binary2-1.0.3.tgz",
			"integrity": "sha512-G1LWKhDSvhGeAQ8mPVQlqNcOB2sJdwATtZKl2pDKKHfpf/rYj24lkinxf69blJbnsvtqqNU+L3SL50vzZhXOnw==",
			"requires": {
				"isarray": "2.0.1"
			}
		},
		"has-cors": {
			"version": "1.1.0",
			"resolved": "https://registry.npmjs.org/has-cors/-/has-cors-1.1.0.tgz",
			"integrity": "sha1-XkdHk/fqmEPRu5nCPu9J/xJv/zk="
		},
		"imurmurhash": {
			"version": "0.1.4",
			"resolved": "https://registry.npmjs.org/imurmurhash/-/imurmurhash-0.1.4.tgz",
			"integrity": "sha1-khi5srkoojixPcT7a21XbyMUU+o="
		},
		"indexof": {
			"version": "0.0.1",
			"resolved": "https://registry.npmjs.org/indexof/-/indexof-0.0.1.tgz",
			"integrity": "sha1-gtwzbSMrkGIXnQWrMpOmYFn9Q10="
		},
		"isarray": {
			"version": "2.0.1",
			"resolved": "https://registry.npmjs.org/isarray/-/isarray-2.0.1.tgz",
			"integrity": "sha1-o32U7ZzaLVmGXJ92/llu4fM4dB4="
		},
		"jsonfile": {
			"version": "4.0.0",
			"resolved": "https://registry.npmjs.org/jsonfile/-/jsonfile-4.0.0.tgz",
			"integrity": "sha1-h3Gq4HmbZAdrdmQPygWPnBDjPss=",
			"requires": {
				"graceful-fs": "4.2.3"
			}
		},
		"kew": {
			"version": "0.7.0",
			"resolved": "https://registry.npmjs.org/kew/-/kew-0.7.0.tgz",
			"integrity": "sha1-edk9LTM2PW/dKXCzNdkUGtWR15s="
		},
		"multimap": {
			"version": "1.0.2",
			"resolved": "https://registry.npmjs.org/multimap/-/multimap-1.0.2.tgz",
			"integrity": "sha1-aqdvwyM5BbqUi75MdNwsOgNW6zY="
		},
		"slide": {
			"version": "1.1.6",
			"resolved": "https://registry.npmjs.org/slide/-/slide-1.1.6.tgz",
			"integrity": "sha1-VusCfWW00tzmyy4tMsTUr8nh1wc="
		},
		"socket.io-client": {
			"version": "2.4.0",
			"resolved": "https://registry.npmjs.org/socket.io-client/-/socket.io-client-2.4.0.tgz",
			"integrity": "sha512-M6xhnKQHuuZd4Ba9vltCLT9oa+YvTsP8j9NcEiLElfIg8KeYPyhWOes6x4t+LTAC8enQbE/995AdTem2uNyKKQ==",
			"requires": {
				"backo2": "1.0.2",
				"component-bind": "1.0.0",
				"component-emitter": "1.3.0",
				"debug": "3.1.0",
				"engine.io-client": "3.5.1",
				"has-binary2": "1.0.3",
				"indexof": "0.0.1",
				"parseqs": "0.0.6",
				"parseuri": "0.0.6",
				"socket.io-parser": "3.3.0",
				"to-array": "0.1.4"
			},
			"dependencies": {
				"component-emitter": {
					"version": "1.3.0",
					"resolved": "https://registry.npmjs.org/component-emitter/-/component-emitter-1.3.0.tgz",
					"integrity": "sha512-Rd3se6QB+sO1TwqZjscQrurpEPIfO0/yYnSin6Q/rD3mOutHvUrCAhJub3r90uNb+SESBuE0QYoB90YdfatsRg=="
				},
				"debug": {
					"version": "3.1.0",
					"resolved": "https://registry.npmjs.org/debug/-/debug-3.1.0.tgz",
					"integrity": "sha512-OX8XqP7/1a9cqkxYw2yXss15f26NKWBpDXQd0/uK/KPqdQhxbPa994hnzjcE2VqQpDslf55723cKPUOGSmMY3g==",
					"requires": {
						"ms": "2.0.0"
					}
				},
				"engine.io-client": {
					"version": "3.5.1",
					"resolved": "https://registry.npmjs.org/engine.io-client/-/engine.io-client-3.5.1.tgz",
					"integrity": "sha512-oVu9kBkGbcggulyVF0kz6BV3ganqUeqXvD79WOFKa+11oK692w1NyFkuEj4xrkFRpZhn92QOqTk4RQq5LiBXbQ==",
					"requires": {
						"component-emitter": "1.3.0",
						"component-inherit": "0.0.3",
						"debug": "3.1.0",
						"engine.io-parser": "2.2.0",
						"has-cors": "1.1.0",
						"indexof": "0.0.1",
						"parseqs": "0.0.6",
						"parseuri": "0.0.6",
						"ws": "7.4.4",
						"xmlhttprequest-ssl": "1.5.5",
						"yeast": "0.1.2"
					}
				},
				"ms": {
					"version": "2.0.0",
					"resolved": "https://registry.npmjs.org/ms/-/ms-2.0.0.tgz",
					"integrity": "sha1-VgiurfwAvmwpAd9fmGF4jeDVl8g="
				},
				"parseqs": {
					"version": "0.0.6",
					"resolved": "https://registry.npmjs.org/parseqs/-/parseqs-0.0.6.tgz",
					"integrity": "sha512-jeAGzMDbfSHHA091hr0r31eYfTig+29g3GKKE/PPbEQ65X0lmMwlEoqmhzu0iztID5uJpZsFlUPDP8ThPL7M8w=="
				},
				"parseuri": {
					"version": "0.0.6",
					"resolved": "https://registry.npmjs.org/parseuri/-/parseuri-0.0.6.tgz",
					"integrity": "sha512-AUjen8sAkGgao7UyCX6Ahv0gIK2fABKmYjvP4xmy5JaKvcbTRueIqIPHLAfq30xJddqSE033IOMUSOMCcK3Sow=="
				},
				"ws": {
					"version": "7.4.4",
					"resolved": "https://registry.npmjs.org/ws/-/ws-7.4.4.tgz",
					"integrity": "sha512-Qm8k8ojNQIMx7S+Zp8u/uHOx7Qazv3Yv4q68MiWWWOJhiwG5W3x7iqmRtJo8xxrciZUY4vRxUTJCKuRnF28ZZw=="
				}
			}
		},
		"socket.io-parser": {
			"version": "3.3.0",
			"resolved": "https://registry.npmjs.org/socket.io-parser/-/socket.io-parser-3.3.0.tgz",
			"integrity": "sha512-hczmV6bDgdaEbVqhAeVMM/jfUfzuEZHsQg6eOmLgJht6G3mPKMxYm75w2+qhAQZ+4X+1+ATZ+QFKeOZD5riHng==",
			"requires": {
				"component-emitter": "1.2.1",
				"debug": "3.1.0",
				"isarray": "2.0.1"
			},
			"dependencies": {
				"debug": {
					"version": "3.1.0",
					"resolved": "https://registry.npmjs.org/debug/-/debug-3.1.0.tgz",
					"integrity": "sha512-OX8XqP7/1a9cqkxYw2yXss15f26NKWBpDXQd0/uK/KPqdQhxbPa994hnzjcE2VqQpDslf55723cKPUOGSmMY3g==",
					"requires": {
						"ms": "2.0.0"
					}
				},
				"ms": {
					"version": "2.0.0",
					"resolved": "https://registry.npmjs.org/ms/-/ms-2.0.0.tgz",
					"integrity": "sha1-VgiurfwAvmwpAd9fmGF4jeDVl8g="
				}
			}
		},
		"to-array": {
			"version": "0.1.4",
			"resolved": "https://registry.npmjs.org/to-array/-/to-array-0.1.4.tgz",
			"integrity": "sha1-F+bBH3PdTz10zaek/zI46a2b+JA="
		},
		"universalify": {
			"version": "0.1.2",
			"resolved": "https://registry.npmjs.org/universalify/-/universalify-0.1.2.tgz",
			"integrity": "sha512-rBJeI5CXAlmy1pV+617WB9J63U6XcazHHF2f2dbJix4XzpUF0RS3Zbj0FGIOCAva5P/d/GBOYaACQ1w+0azUkg=="
		},
		"v-conf": {
			"version": "1.4.2",
			"resolved": "https://registry.npmjs.org/v-conf/-/v-conf-1.4.2.tgz",
			"integrity": "sha512-oYeoOJipFmGIhabjAdGUXyml+WZD1+fLPvOudRHo2ny9zsx39XpzwzeqOh0kmGyIyJqSPg60hFTh4OJBcyEATQ==",
			"requires": {
				"fs-extra": "2.1.2",
				"multimap": "1.0.2",
				"write-file-atomic": "1.3.1"
			},
			"dependencies": {
				"fs-extra": {
					"version": "2.1.2",
					"resolved": "https://registry.npmjs.org/fs-extra/-/fs-extra-2.1.2.tgz",
					"integrity": "sha1-BGxwFjzvmq1GsOSn+kZ/si1x3jU=",
					"requires": {
						"graceful-fs": "4.2.3",
						"jsonfile": "2.4.0"
					}
				},
				"jsonfile": {
					"version": "2.4.0",
					"resolved": "https://registry.npmjs.org/jsonfile/-/jsonfile-2.4.0.tgz",
					"integrity": "sha1-NzaitCi4e72gzIO1P6PWM6NcKug=",
					"requires": {
						"graceful-fs": "4.2.3"
					}
				}
			}
		},
		"write-file-atomic": {
			"version": "1.3.1",
			"resolved": "https://registry.npmjs.org/write-file-atomic/-/write-file-atomic-1.3.1.tgz",
			"integrity": "sha1-fUW6MjFjKN0ex9kPYOvA2EW7dZo=",
			"requires": {
				"graceful-fs": "4.2.3",
				"imurmurhash": "0.1.4",
				"slide": "1.1.6"
			}
		},
		"xmlhttprequest-ssl": {
			"version": "1.5.5",
			"resolved": "https://registry.npmjs.org/xmlhttprequest-ssl/-/xmlhttprequest-ssl-1.5.5.tgz",
			"integrity": "sha1-wodrBhaKrcQOV9l+gRkayPQ5iz4="
		},
		"yeast": {
			"version": "0.1.2",
			"resolved": "https://registry.npmjs.org/yeast/-/yeast-0.1.2.tgz",
			"integrity": "sha1-AI4G2AlDIMNy28L47XagymyKxBk="
		}
	}
}
